
Microsoft Visual Studio Solution File, Format Version 12.00
# Visual Studio Version 16
VisualStudioVersion = 16.0.30717.126
MinimumVisualStudioVersion = 10.0.40219.1
Project("{8BC9CEB8-8B4A-11D0-8D11-00A0C91BC942}") = "Project12", "Project12\Project12.vcxproj", "{3F5AB08B-1C15-40F9-AC5A-D0F4B5B1FDE5}"
EndProject
Global
	GlobalSection(SolutionConfigurationPlatforms) = preSolution
		Debug|x64 = Debug|x64
		Debug|x86 = Debug|x86
		Release|x64 = Release|x64
		Release|x86 = Release|x86
	EndGlobalSection
	GlobalSection(ProjectConfigurationPlatforms) = postSolution
		{3F5AB08B-1C15-40F9-AC5A-D0F4B5B1FDE5}.Debug|x64.ActiveCfg = Debug|x64
		{3F5AB08B-1C15-40F9-AC5A-D0F4B5B1FDE5}.Debug|x64.Build.0 = Debug|x64
		{3F5AB08B-1C15-40F9-AC5A-D0F4B5B1FDE5}.Debug|x86.ActiveCfg = Debug|Win32
		{3F5AB08B-1C15-40F9-AC5A-D0F4B5B1FDE5}.Debug|x86.Build.0 = Debug|Win32
		{3F5AB08B-1C15-40F9-AC5A-D0F4B5B1FDE5}.Release|x64.ActiveCfg = Release|x64
		{3F5AB08B-1C15-40F9-AC5A-D0F4B5B1FDE5}.Release|x64.Build.0 = Release|x64
		{3F5AB08B-1C15-40F9-AC5A-D0F4B5B1FDE5}.Release|x86.ActiveCfg = Release|Win32
		{3F5AB08B-1C15-40F9-AC5A-D0F4B5B1FDE5}.Release|x86.Build.0 = Release|Win32
	EndGlobalSection
	GlobalSection(SolutionProperties) = preSolution
		HideSolutionNode = FALSE
	EndGlobalSection
	GlobalSection(ExtensibilityGlobals) = postSolution
		SolutionGuid = {2B7C12FD-E157-4EF9-9417-B9C0EE3CA010}
	EndGlobalSection
EndGlobal
